
Microsoft Visual Studio Solution File, Format Version 12.00
# Visual Studio 15
VisualStudioVersion = 15.0.28307.438
MinimumVisualStudioVersion = 10.0.40219.1
Project("{FAE04EC0-301F-11D3-BF4B-00C04F79EFBC}") = "Observer", "Observer\Observer.csproj", "{17EDCA02-7AA7-4569-ADF0-4F7EA081A1AD}"
EndProject
Global
	GlobalSection(SolutionConfigurationPlatforms) = preSolution
		Debug|Any CPU = Debug|Any CPU
		Release|Any CPU = Release|Any CPU
	EndGlobalSection
	GlobalSection(ProjectConfigurationPlatforms) = postSolution
		{17EDCA02-7AA7-4569-ADF0-4F7EA081A1AD}.Debug|Any CPU.ActiveCfg = Debug|Any CPU
		{17EDCA02-7AA7-4569-ADF0-4F7EA081A1AD}.Debug|Any CPU.Build.0 = Debug|Any CPU
		{17EDCA02-7AA7-4569-ADF0-4F7EA081A1AD}.Release|Any CPU.ActiveCfg = Release|Any CPU
		{17EDCA02-7AA7-4569-ADF0-4F7EA081A1AD}.Release|Any CPU.Build.0 = Release|Any CPU
	EndGlobalSection
	GlobalSection(SolutionProperties) = preSolution
		HideSolutionNode = FALSE
	EndGlobalSection
	GlobalSection(ExtensibilityGlobals) = postSolution
		SolutionGuid = {1347E35D-374B-4019-98E4-EF035B01D550}
	EndGlobalSection
EndGlobal
