
Microsoft Visual Studio Solution File, Format Version 12.00
# Visual Studio 15
VisualStudioVersion = 15.0.28307.572
MinimumVisualStudioVersion = 10.0.40219.1
Project("{FAE04EC0-301F-11D3-BF4B-00C04F79EFBC}") = "Paint_Tree", "Paint_Tree\Paint_Tree.csproj", "{D0B90D53-B764-4B5F-9794-63EDDD9B3A3B}"
EndProject
Global
	GlobalSection(SolutionConfigurationPlatforms) = preSolution
		Debug|Any CPU = Debug|Any CPU
		Release|Any CPU = Release|Any CPU
	EndGlobalSection
	GlobalSection(ProjectConfigurationPlatforms) = postSolution
		{D0B90D53-B764-4B5F-9794-63EDDD9B3A3B}.Debug|Any CPU.ActiveCfg = Debug|Any CPU
		{D0B90D53-B764-4B5F-9794-63EDDD9B3A3B}.Debug|Any CPU.Build.0 = Debug|Any CPU
		{D0B90D53-B764-4B5F-9794-63EDDD9B3A3B}.Release|Any CPU.ActiveCfg = Release|Any CPU
		{D0B90D53-B764-4B5F-9794-63EDDD9B3A3B}.Release|Any CPU.Build.0 = Release|Any CPU
	EndGlobalSection
	GlobalSection(SolutionProperties) = preSolution
		HideSolutionNode = FALSE
	EndGlobalSection
	GlobalSection(ExtensibilityGlobals) = postSolution
		SolutionGuid = {53C7343B-6FF3-4063-857D-AB4EED52DCFB}
	EndGlobalSection
EndGlobal
