
Microsoft Visual Studio Solution File, Format Version 12.00
# Visual Studio 15
VisualStudioVersion = 15.0.28307.438
MinimumVisualStudioVersion = 10.0.40219.1
Project("{FAE04EC0-301F-11D3-BF4B-00C04F79EFBC}") = "4.2", "4.2\4.2.csproj", "{606CFAEA-DCC5-4661-B792-4B614BC033AC}"
EndProject
Global
	GlobalSection(SolutionConfigurationPlatforms) = preSolution
		Debug|Any CPU = Debug|Any CPU
		Release|Any CPU = Release|Any CPU
	EndGlobalSection
	GlobalSection(ProjectConfigurationPlatforms) = postSolution
		{606CFAEA-DCC5-4661-B792-4B614BC033AC}.Debug|Any CPU.ActiveCfg = Debug|Any CPU
		{606CFAEA-DCC5-4661-B792-4B614BC033AC}.Debug|Any CPU.Build.0 = Debug|Any CPU
		{606CFAEA-DCC5-4661-B792-4B614BC033AC}.Release|Any CPU.ActiveCfg = Release|Any CPU
		{606CFAEA-DCC5-4661-B792-4B614BC033AC}.Release|Any CPU.Build.0 = Release|Any CPU
	EndGlobalSection
	GlobalSection(SolutionProperties) = preSolution
		HideSolutionNode = FALSE
	EndGlobalSection
	GlobalSection(ExtensibilityGlobals) = postSolution
		SolutionGuid = {25628CAD-5C36-49CD-B057-A10B53963E64}
	EndGlobalSection
EndGlobal
